
Microsoft Visual Studio Solution File, Format Version 12.00
# Visual Studio Version 16
VisualStudioVersion = 16.0.30804.86
MinimumVisualStudioVersion = 10.0.40219.1
Project("{FAE04EC0-301F-11D3-BF4B-00C04F79EFBC}") = "Warpweb.LogicLayer", "Warpweb.LogicLayer\Warpweb.LogicLayer.csproj", "{2EA6067F-C973-4C63-9460-48D8BBBADCF9}"
EndProject
Project("{FAE04EC0-301F-11D3-BF4B-00C04F79EFBC}") = "Warpweb.DataAccessLayer", "Warpweb.DataAccessLayer\Warpweb.DataAccessLayer.csproj", "{A04E5A5C-32CE-4D2D-B241-F22763399148}"
EndProject
Project("{FAE04EC0-301F-11D3-BF4B-00C04F79EFBC}") = "Warpweb.WebLayer", "Warpweb.WebLayer\Warpweb.WebLayer.csproj", "{5757E5B0-A633-4D9D-B92F-E85F3054C05A}"
EndProject
Global
	GlobalSection(SolutionConfigurationPlatforms) = preSolution
		Debug|Any CPU = Debug|Any CPU
		Release|Any CPU = Release|Any CPU
	EndGlobalSection
	GlobalSection(ProjectConfigurationPlatforms) = postSolution
		{2EA6067F-C973-4C63-9460-48D8BBBADCF9}.Debug|Any CPU.ActiveCfg = Debug|Any CPU
		{2EA6067F-C973-4C63-9460-48D8BBBADCF9}.Debug|Any CPU.Build.0 = Debug|Any CPU
		{2EA6067F-C973-4C63-9460-48D8BBBADCF9}.Release|Any CPU.ActiveCfg = Release|Any CPU
		{2EA6067F-C973-4C63-9460-48D8BBBADCF9}.Release|Any CPU.Build.0 = Release|Any CPU
		{A04E5A5C-32CE-4D2D-B241-F22763399148}.Debug|Any CPU.ActiveCfg = Debug|Any CPU
		{A04E5A5C-32CE-4D2D-B241-F22763399148}.Debug|Any CPU.Build.0 = Debug|Any CPU
		{A04E5A5C-32CE-4D2D-B241-F22763399148}.Release|Any CPU.ActiveCfg = Release|Any CPU
		{A04E5A5C-32CE-4D2D-B241-F22763399148}.Release|Any CPU.Build.0 = Release|Any CPU
		{5757E5B0-A633-4D9D-B92F-E85F3054C05A}.Debug|Any CPU.ActiveCfg = Debug|Any CPU
		{5757E5B0-A633-4D9D-B92F-E85F3054C05A}.Debug|Any CPU.Build.0 = Debug|Any CPU
		{5757E5B0-A633-4D9D-B92F-E85F3054C05A}.Release|Any CPU.ActiveCfg = Release|Any CPU
		{5757E5B0-A633-4D9D-B92F-E85F3054C05A}.Release|Any CPU.Build.0 = Release|Any CPU
	EndGlobalSection
	GlobalSection(SolutionProperties) = preSolution
		HideSolutionNode = FALSE
	EndGlobalSection
	GlobalSection(ExtensibilityGlobals) = postSolution
		SolutionGuid = {DB5DD383-1AB3-4856-A10D-5194D9C19EEF}
	EndGlobalSection
EndGlobal
